
Microsoft Visual Studio Solution File, Format Version 12.00
# Visual Studio Version 16
VisualStudioVersion = 16.0.29102.190
MinimumVisualStudioVersion = 10.0.40219.1
Project("{FAE04EC0-301F-11D3-BF4B-00C04F79EFBC}") = "XamarinAadAuth.Front.Android", "XamarinAadAuth.Front\XamarinAadAuth.Front\XamarinAadAuth.Front.Android\XamarinAadAuth.Front.Android.csproj", "{0B9E3A0E-7ECA-4A0F-9968-135D1C6F905E}"
EndProject
Project("{FAE04EC0-301F-11D3-BF4B-00C04F79EFBC}") = "XamarinAadAuth.Front.iOS", "XamarinAadAuth.Front\XamarinAadAuth.Front\XamarinAadAuth.Front.iOS\XamarinAadAuth.Front.iOS.csproj", "{3C72F0F4-B4E1-4600-9DD1-CEC4F5644146}"
EndProject
Project("{9A19103F-16F7-4668-BE54-9A1E7A4F7556}") = "XamarinAadAuth.Front", "XamarinAadAuth.Front\XamarinAadAuth.Front\XamarinAadAuth.Front\XamarinAadAuth.Front.csproj", "{C1141769-9AFC-430C-B091-C5FD9DACC51E}"
EndProject
Project("{FAE04EC0-301F-11D3-BF4B-00C04F79EFBC}") = "XamarinAadAuth.Backend", "XamarinAadAuth.Backend\XamarinAadAuth.Backend.csproj", "{FA0F85A6-29DD-4E3F-8D70-9DAE945E7FFD}"
EndProject
Global
	GlobalSection(SolutionConfigurationPlatforms) = preSolution
		Debug|Any CPU = Debug|Any CPU
		Debug|iPhone = Debug|iPhone
		Debug|iPhoneSimulator = Debug|iPhoneSimulator
		Release|Any CPU = Release|Any CPU
		Release|iPhone = Release|iPhone
		Release|iPhoneSimulator = Release|iPhoneSimulator
	EndGlobalSection
	GlobalSection(ProjectConfigurationPlatforms) = postSolution
		{0B9E3A0E-7ECA-4A0F-9968-135D1C6F905E}.Debug|Any CPU.ActiveCfg = Debug|Any CPU
		{0B9E3A0E-7ECA-4A0F-9968-135D1C6F905E}.Debug|Any CPU.Build.0 = Debug|Any CPU
		{0B9E3A0E-7ECA-4A0F-9968-135D1C6F905E}.Debug|Any CPU.Deploy.0 = Debug|Any CPU
		{0B9E3A0E-7ECA-4A0F-9968-135D1C6F905E}.Debug|iPhone.ActiveCfg = Debug|Any CPU
		{0B9E3A0E-7ECA-4A0F-9968-135D1C6F905E}.Debug|iPhone.Build.0 = Debug|Any CPU
		{0B9E3A0E-7ECA-4A0F-9968-135D1C6F905E}.Debug|iPhone.Deploy.0 = Debug|Any CPU
		{0B9E3A0E-7ECA-4A0F-9968-135D1C6F905E}.Debug|iPhoneSimulator.ActiveCfg = Debug|Any CPU
		{0B9E3A0E-7ECA-4A0F-9968-135D1C6F905E}.Debug|iPhoneSimulator.Build.0 = Debug|Any CPU
		{0B9E3A0E-7ECA-4A0F-9968-135D1C6F905E}.Debug|iPhoneSimulator.Deploy.0 = Debug|Any CPU
		{0B9E3A0E-7ECA-4A0F-9968-135D1C6F905E}.Release|Any CPU.ActiveCfg = Release|Any CPU
		{0B9E3A0E-7ECA-4A0F-9968-135D1C6F905E}.Release|Any CPU.Build.0 = Release|Any CPU
		{0B9E3A0E-7ECA-4A0F-9968-135D1C6F905E}.Release|Any CPU.Deploy.0 = Release|Any CPU
		{0B9E3A0E-7ECA-4A0F-9968-135D1C6F905E}.Release|iPhone.ActiveCfg = Release|Any CPU
		{0B9E3A0E-7ECA-4A0F-9968-135D1C6F905E}.Release|iPhone.Build.0 = Release|Any CPU
		{0B9E3A0E-7ECA-4A0F-9968-135D1C6F905E}.Release|iPhone.Deploy.0 = Release|Any CPU
		{0B9E3A0E-7ECA-4A0F-9968-135D1C6F905E}.Release|iPhoneSimulator.ActiveCfg = Release|Any CPU
		{0B9E3A0E-7ECA-4A0F-9968-135D1C6F905E}.Release|iPhoneSimulator.Build.0 = Release|Any CPU
		{0B9E3A0E-7ECA-4A0F-9968-135D1C6F905E}.Release|iPhoneSimulator.Deploy.0 = Release|Any CPU
		{3C72F0F4-B4E1-4600-9DD1-CEC4F5644146}.Debug|Any CPU.ActiveCfg = Debug|iPhoneSimulator
		{3C72F0F4-B4E1-4600-9DD1-CEC4F5644146}.Debug|Any CPU.Build.0 = Debug|iPhoneSimulator
		{3C72F0F4-B4E1-4600-9DD1-CEC4F5644146}.Debug|Any CPU.Deploy.0 = Debug|iPhoneSimulator
		{3C72F0F4-B4E1-4600-9DD1-CEC4F5644146}.Debug|iPhone.ActiveCfg = Debug|iPhone
		{3C72F0F4-B4E1-4600-9DD1-CEC4F5644146}.Debug|iPhone.Build.0 = Debug|iPhone
		{3C72F0F4-B4E1-4600-9DD1-CEC4F5644146}.Debug|iPhone.Deploy.0 = Debug|iPhone
		{3C72F0F4-B4E1-4600-9DD1-CEC4F5644146}.Debug|iPhoneSimulator.ActiveCfg = Debug|iPhoneSimulator
		{3C72F0F4-B4E1-4600-9DD1-CEC4F5644146}.Debug|iPhoneSimulator.Build.0 = Debug|iPhoneSimulator
		{3C72F0F4-B4E1-4600-9DD1-CEC4F5644146}.Debug|iPhoneSimulator.Deploy.0 = Debug|iPhoneSimulator
		{3C72F0F4-B4E1-4600-9DD1-CEC4F5644146}.Release|Any CPU.ActiveCfg = Release|iPhone
		{3C72F0F4-B4E1-4600-9DD1-CEC4F5644146}.Release|Any CPU.Build.0 = Release|iPhone
		{3C72F0F4-B4E1-4600-9DD1-CEC4F5644146}.Release|Any CPU.Deploy.0 = Release|iPhone
		{3C72F0F4-B4E1-4600-9DD1-CEC4F5644146}.Release|iPhone.ActiveCfg = Release|iPhone
		{3C72F0F4-B4E1-4600-9DD1-CEC4F5644146}.Release|iPhone.Build.0 = Release|iPhone
		{3C72F0F4-B4E1-4600-9DD1-CEC4F5644146}.Release|iPhone.Deploy.0 = Release|iPhone
		{3C72F0F4-B4E1-4600-9DD1-CEC4F5644146}.Release|iPhoneSimulator.ActiveCfg = Release|iPhoneSimulator
		{3C72F0F4-B4E1-4600-9DD1-CEC4F5644146}.Release|iPhoneSimulator.Build.0 = Release|iPhoneSimulator
		{3C72F0F4-B4E1-4600-9DD1-CEC4F5644146}.Release|iPhoneSimulator.Deploy.0 = Release|iPhoneSimulator
		{C1141769-9AFC-430C-B091-C5FD9DACC51E}.Debug|Any CPU.ActiveCfg = Debug|Any CPU
		{C1141769-9AFC-430C-B091-C5FD9DACC51E}.Debug|Any CPU.Build.0 = Debug|Any CPU
		{C1141769-9AFC-430C-B091-C5FD9DACC51E}.Debug|Any CPU.Deploy.0 = Debug|Any CPU
		{C1141769-9AFC-430C-B091-C5FD9DACC51E}.Debug|iPhone.ActiveCfg = Debug|Any CPU
		{C1141769-9AFC-430C-B091-C5FD9DACC51E}.Debug|iPhone.Build.0 = Debug|Any CPU
		{C1141769-9AFC-430C-B091-C5FD9DACC51E}.Debug|iPhone.Deploy.0 = Debug|Any CPU
		{C1141769-9AFC-430C-B091-C5FD9DACC51E}.Debug|iPhoneSimulator.ActiveCfg = Debug|Any CPU
		{C1141769-9AFC-430C-B091-C5FD9DACC51E}.Debug|iPhoneSimulator.Build.0 = Debug|Any CPU
		{C1141769-9AFC-430C-B091-C5FD9DACC51E}.Debug|iPhoneSimulator.Deploy.0 = Debug|Any CPU
		{C1141769-9AFC-430C-B091-C5FD9DACC51E}.Release|Any CPU.ActiveCfg = Release|Any CPU
		{C1141769-9AFC-430C-B091-C5FD9DACC51E}.Release|Any CPU.Build.0 = Release|Any CPU
		{C1141769-9AFC-430C-B091-C5FD9DACC51E}.Release|Any CPU.Deploy.0 = Release|Any CPU
		{C1141769-9AFC-430C-B091-C5FD9DACC51E}.Release|iPhone.ActiveCfg = Release|Any CPU
		{C1141769-9AFC-430C-B091-C5FD9DACC51E}.Release|iPhone.Build.0 = Release|Any CPU
		{C1141769-9AFC-430C-B091-C5FD9DACC51E}.Release|iPhone.Deploy.0 = Release|Any CPU
		{C1141769-9AFC-430C-B091-C5FD9DACC51E}.Release|iPhoneSimulator.ActiveCfg = Release|Any CPU
		{C1141769-9AFC-430C-B091-C5FD9DACC51E}.Release|iPhoneSimulator.Build.0 = Release|Any CPU
		{C1141769-9AFC-430C-B091-C5FD9DACC51E}.Release|iPhoneSimulator.Deploy.0 = Release|Any CPU
		{FA0F85A6-29DD-4E3F-8D70-9DAE945E7FFD}.Debug|Any CPU.ActiveCfg = Debug|Any CPU
		{FA0F85A6-29DD-4E3F-8D70-9DAE945E7FFD}.Debug|Any CPU.Build.0 = Debug|Any CPU
		{FA0F85A6-29DD-4E3F-8D70-9DAE945E7FFD}.Debug|iPhone.ActiveCfg = Debug|Any CPU
		{FA0F85A6-29DD-4E3F-8D70-9DAE945E7FFD}.Debug|iPhone.Build.0 = Debug|Any CPU
		{FA0F85A6-29DD-4E3F-8D70-9DAE945E7FFD}.Debug|iPhoneSimulator.ActiveCfg = Debug|Any CPU
		{FA0F85A6-29DD-4E3F-8D70-9DAE945E7FFD}.Debug|iPhoneSimulator.Build.0 = Debug|Any CPU
		{FA0F85A6-29DD-4E3F-8D70-9DAE945E7FFD}.Release|Any CPU.ActiveCfg = Release|Any CPU
		{FA0F85A6-29DD-4E3F-8D70-9DAE945E7FFD}.Release|Any CPU.Build.0 = Release|Any CPU
		{FA0F85A6-29DD-4E3F-8D70-9DAE945E7FFD}.Release|iPhone.ActiveCfg = Release|Any CPU
		{FA0F85A6-29DD-4E3F-8D70-9DAE945E7FFD}.Release|iPhone.Build.0 = Release|Any CPU
		{FA0F85A6-29DD-4E3F-8D70-9DAE945E7FFD}.Release|iPhoneSimulator.ActiveCfg = Release|Any CPU
		{FA0F85A6-29DD-4E3F-8D70-9DAE945E7FFD}.Release|iPhoneSimulator.Build.0 = Release|Any CPU
	EndGlobalSection
	GlobalSection(SolutionProperties) = preSolution
		HideSolutionNode = FALSE
	EndGlobalSection
	GlobalSection(ExtensibilityGlobals) = postSolution
		SolutionGuid = {BF9D7BD1-655F-4E8C-9F03-184B5CCFF79B}
	EndGlobalSection
EndGlobal
